lockfileVersion: '9.0'

settings:
  autoInstallPeers: true
  excludeLinksFromLockfile: false

importers:

  .:
    dependencies:
      react:
        specifier: ^18.3.1
        version: 18.3.1
      react-dom:
        specifier: ^18.3.1
        version: 18.3.1(react@18.3.1)
    devDependencies:
      '@biomejs/biome':
        specifier: 1.9.4
        version: 1.9.4
      '@tailwindcss/vite':
        specifier: 4.0.0-beta.2
        version: 4.0.0-beta.2(postcss@8.4.49)(svelte@5.2.7)(typescript@5.6.3)(vite@5.4.11(lightningcss@1.28.1))
      '@types/react':
        specifier: ^18.3.12
        version: 18.3.12
      '@types/react-dom':
        specifier: ^18.3.1
        version: 18.3.1
      '@vitejs/plugin-react-swc':
        specifier: ^3.7.1
        version: 3.7.1(vite@5.4.11(lightningcss@1.28.1))
      globals:
        specifier: ^15.12.0
        version: 15.12.0
      lefthook:
        specifier: ^1.8.4
        version: 1.8.4
      tailwindcss:
        specifier: 4.0.0-beta.2
        version: 4.0.0-beta.2
      typescript:
        specifier: ~5.6.3
        version: 5.6.3
      vite:
        specifier: ^5.4.11
        version: 5.4.11(lightningcss@1.28.1)

packages:

  '@ampproject/remapping@2.3.0':
    resolution: {integrity: sha512-30iZtAPgz+LTIYoeivqYo853f02jBYSd5uGnGpkFV0M3xOt9aN73erkgYAmZU43x4VfqcnLxW9Kpg3R5LC4YYw==}
    engines: {node: '>=6.0.0'}

  '@biomejs/biome@1.9.4':
    resolution: {integrity: sha512-1rkd7G70+o9KkTn5KLmDYXihGoTaIGO9PIIN2ZB7UJxFrWw04CZHPYiMRjYsaDvVV7hP1dYNRLxSANLaBFGpog==}
    engines: {node: '>=14.21.3'}
    hasBin: true

  '@biomejs/cli-darwin-arm64@1.9.4':
    resolution: {integrity: sha512-bFBsPWrNvkdKrNCYeAp+xo2HecOGPAy9WyNyB/jKnnedgzl4W4Hb9ZMzYNbf8dMCGmUdSavlYHiR01QaYR58cw==}
    engines: {node: '>=14.21.3'}
    cpu: [arm64]
    os: [darwin]

  '@biomejs/cli-darwin-x64@1.9.4':
    resolution: {integrity: sha512-ngYBh/+bEedqkSevPVhLP4QfVPCpb+4BBe2p7Xs32dBgs7rh9nY2AIYUL6BgLw1JVXV8GlpKmb/hNiuIxfPfZg==}
    engines: {node: '>=14.21.3'}
    cpu: [x64]
    os: [darwin]

  '@biomejs/cli-linux-arm64-musl@1.9.4':
    resolution: {integrity: sha512-v665Ct9WCRjGa8+kTr0CzApU0+XXtRgwmzIf1SeKSGAv+2scAlW6JR5PMFo6FzqqZ64Po79cKODKf3/AAmECqA==}
    engines: {node: '>=14.21.3'}
    cpu: [arm64]
    os: [linux]

  '@biomejs/cli-linux-arm64@1.9.4':
    resolution: {integrity: sha512-fJIW0+LYujdjUgJJuwesP4EjIBl/N/TcOX3IvIHJQNsAqvV2CHIogsmA94BPG6jZATS4Hi+xv4SkBBQSt1N4/g==}
    engines: {node: '>=14.21.3'}
    cpu: [arm64]
    os: [linux]

  '@biomejs/cli-linux-x64-musl@1.9.4':
    resolution: {integrity: sha512-gEhi/jSBhZ2m6wjV530Yy8+fNqG8PAinM3oV7CyO+6c3CEh16Eizm21uHVsyVBEB6RIM8JHIl6AGYCv6Q6Q9Tg==}
    engines: {node: '>=14.21.3'}
    cpu: [x64]
    os: [linux]

  '@biomejs/cli-linux-x64@1.9.4':
    resolution: {integrity: sha512-lRCJv/Vi3Vlwmbd6K+oQ0KhLHMAysN8lXoCI7XeHlxaajk06u7G+UsFSO01NAs5iYuWKmVZjmiOzJ0OJmGsMwg==}
    engines: {node: '>=14.21.3'}
    cpu: [x64]
    os: [linux]

  '@biomejs/cli-win32-arm64@1.9.4':
    resolution: {integrity: sha512-tlbhLk+WXZmgwoIKwHIHEBZUwxml7bRJgk0X2sPyNR3S93cdRq6XulAZRQJ17FYGGzWne0fgrXBKpl7l4M87Hg==}
    engines: {node: '>=14.21.3'}
    cpu: [arm64]
    os: [win32]

  '@biomejs/cli-win32-x64@1.9.4':
    resolution: {integrity: sha512-8Y5wMhVIPaWe6jw2H+KlEm4wP/f7EW3810ZLmDlrEEy5KvBsb9ECEfu/kMWD484ijfQ8+nIi0giMgu9g1UAuuA==}
    engines: {node: '>=14.21.3'}
    cpu: [x64]
    os: [win32]

  '@esbuild/aix-ppc64@0.21.5':
    resolution: {integrity: sha512-1SDgH6ZSPTlggy1yI6+Dbkiz8xzpHJEVAlF/AM1tHPLsf5STom9rwtjE4hKAF20FfXXNTFqEYXyJNWh1GiZedQ==}
    engines: {node: '>=12'}
    cpu: [ppc64]
    os: [aix]

  '@esbuild/android-arm64@0.21.5':
    resolution: {integrity: sha512-c0uX9VAUBQ7dTDCjq+wdyGLowMdtR/GoC2U5IYk/7D1H1JYC0qseD7+11iMP2mRLN9RcCMRcjC4YMclCzGwS/A==}
    engines: {node: '>=12'}
    cpu: [arm64]
    os: [android]

  '@esbuild/android-arm@0.21.5':
    resolution: {integrity: sha512-vCPvzSjpPHEi1siZdlvAlsPxXl7WbOVUBBAowWug4rJHb68Ox8KualB+1ocNvT5fjv6wpkX6o/iEpbDrf68zcg==}
    engines: {node: '>=12'}
    cpu: [arm]
    os: [android]

  '@esbuild/android-x64@0.21.5':
    resolution: {integrity: sha512-D7aPRUUNHRBwHxzxRvp856rjUHRFW1SdQATKXH2hqA0kAZb1hKmi02OpYRacl0TxIGz/ZmXWlbZgjwWYaCakTA==}
    engines: {node: '>=12'}
    cpu: [x64]
    os: [android]

  '@esbuild/darwin-arm64@0.21.5':
    resolution: {integrity: sha512-DwqXqZyuk5AiWWf3UfLiRDJ5EDd49zg6O9wclZ7kUMv2WRFr4HKjXp/5t8JZ11QbQfUS6/cRCKGwYhtNAY88kQ==}
    engines: {node: '>=12'}
    cpu: [arm64]
    os: [darwin]

  '@esbuild/darwin-x64@0.21.5':
    resolution: {integrity: sha512-se/JjF8NlmKVG4kNIuyWMV/22ZaerB+qaSi5MdrXtd6R08kvs2qCN4C09miupktDitvh8jRFflwGFBQcxZRjbw==}
    engines: {node: '>=12'}
    cpu: [x64]
    os: [darwin]

  '@esbuild/freebsd-arm64@0.21.5':
    resolution: {integrity: sha512-5JcRxxRDUJLX8JXp/wcBCy3pENnCgBR9bN6JsY4OmhfUtIHe3ZW0mawA7+RDAcMLrMIZaf03NlQiX9DGyB8h4g==}
    engines: {node: '>=12'}
    cpu: [arm64]
    os: [freebsd]

  '@esbuild/freebsd-x64@0.21.5':
    resolution: {integrity: sha512-J95kNBj1zkbMXtHVH29bBriQygMXqoVQOQYA+ISs0/2l3T9/kj42ow2mpqerRBxDJnmkUDCaQT/dfNXWX/ZZCQ==}
    engines: {node: '>=12'}
    cpu: [x64]
    os: [freebsd]

  '@esbuild/linux-arm64@0.21.5':
    resolution: {integrity: sha512-ibKvmyYzKsBeX8d8I7MH/TMfWDXBF3db4qM6sy+7re0YXya+K1cem3on9XgdT2EQGMu4hQyZhan7TeQ8XkGp4Q==}
    engines: {node: '>=12'}
    cpu: [arm64]
    os: [linux]

  '@esbuild/linux-arm@0.21.5':
    resolution: {integrity: sha512-bPb5AHZtbeNGjCKVZ9UGqGwo8EUu4cLq68E95A53KlxAPRmUyYv2D6F0uUI65XisGOL1hBP5mTronbgo+0bFcA==}
    engines: {node: '>=12'}
    cpu: [arm]
    os: [linux]

  '@esbuild/linux-ia32@0.21.5':
    resolution: {integrity: sha512-YvjXDqLRqPDl2dvRODYmmhz4rPeVKYvppfGYKSNGdyZkA01046pLWyRKKI3ax8fbJoK5QbxblURkwK/MWY18Tg==}
    engines: {node: '>=12'}
    cpu: [ia32]
    os: [linux]

  '@esbuild/linux-loong64@0.21.5':
    resolution: {integrity: sha512-uHf1BmMG8qEvzdrzAqg2SIG/02+4/DHB6a9Kbya0XDvwDEKCoC8ZRWI5JJvNdUjtciBGFQ5PuBlpEOXQj+JQSg==}
    engines: {node: '>=12'}
    cpu: [loong64]
    os: [linux]

  '@esbuild/linux-mips64el@0.21.5':
    resolution: {integrity: sha512-IajOmO+KJK23bj52dFSNCMsz1QP1DqM6cwLUv3W1QwyxkyIWecfafnI555fvSGqEKwjMXVLokcV5ygHW5b3Jbg==}
    engines: {node: '>=12'}
    cpu: [mips64el]
    os: [linux]

  '@esbuild/linux-ppc64@0.21.5':
    resolution: {integrity: sha512-1hHV/Z4OEfMwpLO8rp7CvlhBDnjsC3CttJXIhBi+5Aj5r+MBvy4egg7wCbe//hSsT+RvDAG7s81tAvpL2XAE4w==}
    engines: {node: '>=12'}
    cpu: [ppc64]
    os: [linux]

  '@esbuild/linux-riscv64@0.21.5':
    resolution: {integrity: sha512-2HdXDMd9GMgTGrPWnJzP2ALSokE/0O5HhTUvWIbD3YdjME8JwvSCnNGBnTThKGEB91OZhzrJ4qIIxk/SBmyDDA==}
    engines: {node: '>=12'}
    cpu: [riscv64]
    os: [linux]

  '@esbuild/linux-s390x@0.21.5':
    resolution: {integrity: sha512-zus5sxzqBJD3eXxwvjN1yQkRepANgxE9lgOW2qLnmr8ikMTphkjgXu1HR01K4FJg8h1kEEDAqDcZQtbrRnB41A==}
    engines: {node: '>=12'}
    cpu: [s390x]
    os: [linux]

  '@esbuild/linux-x64@0.21.5':
    resolution: {integrity: sha512-1rYdTpyv03iycF1+BhzrzQJCdOuAOtaqHTWJZCWvijKD2N5Xu0TtVC8/+1faWqcP9iBCWOmjmhoH94dH82BxPQ==}
    engines: {node: '>=12'}
    cpu: [x64]
    os: [linux]

  '@esbuild/netbsd-x64@0.21.5':
    resolution: {integrity: sha512-Woi2MXzXjMULccIwMnLciyZH4nCIMpWQAs049KEeMvOcNADVxo0UBIQPfSmxB3CWKedngg7sWZdLvLczpe0tLg==}
    engines: {node: '>=12'}
    cpu: [x64]
    os: [netbsd]

  '@esbuild/openbsd-x64@0.21.5':
    resolution: {integrity: sha512-HLNNw99xsvx12lFBUwoT8EVCsSvRNDVxNpjZ7bPn947b8gJPzeHWyNVhFsaerc0n3TsbOINvRP2byTZ5LKezow==}
    engines: {node: '>=12'}
    cpu: [x64]
    os: [openbsd]

  '@esbuild/sunos-x64@0.21.5':
    resolution: {integrity: sha512-6+gjmFpfy0BHU5Tpptkuh8+uw3mnrvgs+dSPQXQOv3ekbordwnzTVEb4qnIvQcYXq6gzkyTnoZ9dZG+D4garKg==}
    engines: {node: '>=12'}
    cpu: [x64]
    os: [sunos]

  '@esbuild/win32-arm64@0.21.5':
    resolution: {integrity: sha512-Z0gOTd75VvXqyq7nsl93zwahcTROgqvuAcYDUr+vOv8uHhNSKROyU961kgtCD1e95IqPKSQKH7tBTslnS3tA8A==}
    engines: {node: '>=12'}
    cpu: [arm64]
    os: [win32]

  '@esbuild/win32-ia32@0.21.5':
    resolution: {integrity: sha512-SWXFF1CL2RVNMaVs+BBClwtfZSvDgtL//G/smwAc5oVK/UPu2Gu9tIaRgFmYFFKrmg3SyAjSrElf0TiJ1v8fYA==}
    engines: {node: '>=12'}
    cpu: [ia32]
    os: [win32]

  '@esbuild/win32-x64@0.21.5':
    resolution: {integrity: sha512-tQd/1efJuzPC6rCFwEvLtci/xNFcTZknmXs98FYDfGE4wP9ClFV98nyKrzJKVPMhdDnjzLhdUyMX4PsQAPjwIw==}
    engines: {node: '>=12'}
    cpu: [x64]
    os: [win32]

  '@jridgewell/gen-mapping@0.3.5':
    resolution: {integrity: sha512-IzL8ZoEDIBRWEzlCcRhOaCupYyN5gdIK+Q6fbFdPDg6HqX6jpkItn7DFIpW9LQzXG6Df9sA7+OKnq0qlz/GaQg==}
    engines: {node: '>=6.0.0'}

  '@jridgewell/resolve-uri@3.1.2':
    resolution: {integrity: sha512-bRISgCIjP20/tbWSPWMEi54QVPRZExkuD9lJL+UIxUKtwVJA8wW1Trb1jMs1RFXo1CBTNZ/5hpC9QvmKWdopKw==}
    engines: {node: '>=6.0.0'}

  '@jridgewell/set-array@1.2.1':
    resolution: {integrity: sha512-R8gLRTZeyp03ymzP/6Lil/28tGeGEzhx1q2k703KGWRAI1VdvPIXdG70VJc2pAMw3NA6JKL5hhFu1sJX0Mnn/A==}
    engines: {node: '>=6.0.0'}

  '@jridgewell/sourcemap-codec@1.5.0':
    resolution: {integrity: sha512-gv3ZRaISU3fjPAgNsriBRqGWQL6quFx04YMPW/zD8XMLsU32mhCCbfbO6KZFLjvYpCZ8zyDEgqsgf+PwPaM7GQ==}

  '@jridgewell/trace-mapping@0.3.25':
    resolution: {integrity: sha512-vNk6aEwybGtawWmy/PzwnGDOjCkLWSD2wqvjGGAgOAwCGWySYXfYoxt00IJkTF+8Lb57DwOb3Aa0o9CApepiYQ==}

  '@rollup/rollup-android-arm-eabi@4.27.3':
    resolution: {integrity: sha512-EzxVSkIvCFxUd4Mgm4xR9YXrcp976qVaHnqom/Tgm+vU79k4vV4eYTjmRvGfeoW8m9LVcsAy/lGjcgVegKEhLQ==}
    cpu: [arm]
    os: [android]

  '@rollup/rollup-android-arm64@4.27.3':
    resolution: {integrity: sha512-LJc5pDf1wjlt9o/Giaw9Ofl+k/vLUaYsE2zeQGH85giX2F+wn/Cg8b3c5CDP3qmVmeO5NzwVUzQQxwZvC2eQKw==}
    cpu: [arm64]
    os: [android]

  '@rollup/rollup-darwin-arm64@4.27.3':
    resolution: {integrity: sha512-OuRysZ1Mt7wpWJ+aYKblVbJWtVn3Cy52h8nLuNSzTqSesYw1EuN6wKp5NW/4eSre3mp12gqFRXOKTcN3AI3LqA==}
    cpu: [arm64]
    os: [darwin]

  '@rollup/rollup-darwin-x64@4.27.3':
    resolution: {integrity: sha512-xW//zjJMlJs2sOrCmXdB4d0uiilZsOdlGQIC/jjmMWT47lkLLoB1nsNhPUcnoqyi5YR6I4h+FjBpILxbEy8JRg==}
    cpu: [x64]
    os: [darwin]

  '@rollup/rollup-freebsd-arm64@4.27.3':
    resolution: {integrity: sha512-58E0tIcwZ+12nK1WiLzHOD8I0d0kdrY/+o7yFVPRHuVGY3twBwzwDdTIBGRxLmyjciMYl1B/U515GJy+yn46qw==}
    cpu: [arm64]
    os: [freebsd]

  '@rollup/rollup-freebsd-x64@4.27.3':
    resolution: {integrity: sha512-78fohrpcVwTLxg1ZzBMlwEimoAJmY6B+5TsyAZ3Vok7YabRBUvjYTsRXPTjGEvv/mfgVBepbW28OlMEz4w8wGA==}
    cpu: [x64]
    os: [freebsd]

  '@rollup/rollup-linux-arm-gnueabihf@4.27.3':
    resolution: {integrity: sha512-h2Ay79YFXyQi+QZKo3ISZDyKaVD7uUvukEHTOft7kh00WF9mxAaxZsNs3o/eukbeKuH35jBvQqrT61fzKfAB/Q==}
    cpu: [arm]
    os: [linux]

  '@rollup/rollup-linux-arm-musleabihf@4.27.3':
    resolution: {integrity: sha512-Sv2GWmrJfRY57urktVLQ0VKZjNZGogVtASAgosDZ1aUB+ykPxSi3X1nWORL5Jk0sTIIwQiPH7iE3BMi9zGWfkg==}
    cpu: [arm]
    os: [linux]

  '@rollup/rollup-linux-arm64-gnu@4.27.3':
    resolution: {integrity: sha512-FPoJBLsPW2bDNWjSrwNuTPUt30VnfM8GPGRoLCYKZpPx0xiIEdFip3dH6CqgoT0RnoGXptaNziM0WlKgBc+OWQ==}
    cpu: [arm64]
    os: [linux]

  '@rollup/rollup-linux-arm64-musl@4.27.3':
    resolution: {integrity: sha512-TKxiOvBorYq4sUpA0JT+Fkh+l+G9DScnG5Dqx7wiiqVMiRSkzTclP35pE6eQQYjP4Gc8yEkJGea6rz4qyWhp3g==}
    cpu: [arm64]
    os: [linux]

  '@rollup/rollup-linux-powerpc64le-gnu@4.27.3':
    resolution: {integrity: sha512-v2M/mPvVUKVOKITa0oCFksnQQ/TqGrT+yD0184/cWHIu0LoIuYHwox0Pm3ccXEz8cEQDLk6FPKd1CCm+PlsISw==}
    cpu: [ppc64]
    os: [linux]

  '@rollup/rollup-linux-riscv64-gnu@4.27.3':
    resolution: {integrity: sha512-LdrI4Yocb1a/tFVkzmOE5WyYRgEBOyEhWYJe4gsDWDiwnjYKjNs7PS6SGlTDB7maOHF4kxevsuNBl2iOcj3b4A==}
    cpu: [riscv64]
    os: [linux]

  '@rollup/rollup-linux-s390x-gnu@4.27.3':
    resolution: {integrity: sha512-d4wVu6SXij/jyiwPvI6C4KxdGzuZOvJ6y9VfrcleHTwo68fl8vZC5ZYHsCVPUi4tndCfMlFniWgwonQ5CUpQcA==}
    cpu: [s390x]
    os: [linux]

  '@rollup/rollup-linux-x64-gnu@4.27.3':
    resolution: {integrity: sha512-/6bn6pp1fsCGEY5n3yajmzZQAh+mW4QPItbiWxs69zskBzJuheb3tNynEjL+mKOsUSFK11X4LYF2BwwXnzWleA==}
    cpu: [x64]
    os: [linux]

  '@rollup/rollup-linux-x64-musl@4.27.3':
    resolution: {integrity: sha512-nBXOfJds8OzUT1qUreT/en3eyOXd2EH5b0wr2bVB5999qHdGKkzGzIyKYaKj02lXk6wpN71ltLIaQpu58YFBoQ==}
    cpu: [x64]
    os: [linux]

  '@rollup/rollup-win32-arm64-msvc@4.27.3':
    resolution: {integrity: sha512-ogfbEVQgIZOz5WPWXF2HVb6En+kWzScuxJo/WdQTqEgeyGkaa2ui5sQav9Zkr7bnNCLK48uxmmK0TySm22eiuw==}
    cpu: [arm64]
    os: [win32]

  '@rollup/rollup-win32-ia32-msvc@4.27.3':
    resolution: {integrity: sha512-ecE36ZBMLINqiTtSNQ1vzWc5pXLQHlf/oqGp/bSbi7iedcjcNb6QbCBNG73Euyy2C+l/fn8qKWEwxr+0SSfs3w==}
    cpu: [ia32]
    os: [win32]

  '@rollup/rollup-win32-x64-msvc@4.27.3':
    resolution: {integrity: sha512-vliZLrDmYKyaUoMzEbMTg2JkerfBjn03KmAw9CykO0Zzkzoyd7o3iZNam/TpyWNjNT+Cz2iO3P9Smv2wgrR+Eg==}
    cpu: [x64]
    os: [win32]

  '@swc/core-darwin-arm64@1.9.3':
    resolution: {integrity: sha512-hGfl/KTic/QY4tB9DkTbNuxy5cV4IeejpPD4zo+Lzt4iLlDWIeANL4Fkg67FiVceNJboqg48CUX+APhDHO5G1w==}
    engines: {node: '>=10'}
    cpu: [arm64]
    os: [darwin]

  '@swc/core-darwin-x64@1.9.3':
    resolution: {integrity: sha512-IaRq05ZLdtgF5h9CzlcgaNHyg4VXuiStnOFpfNEMuI5fm5afP2S0FHq8WdakUz5WppsbddTdplL+vpeApt/WCQ==}
    engines: {node: '>=10'}
    cpu: [x64]
    os: [darwin]

  '@swc/core-linux-arm-gnueabihf@1.9.3':
    resolution: {integrity: sha512-Pbwe7xYprj/nEnZrNBvZfjnTxlBIcfApAGdz2EROhjpPj+FBqBa3wOogqbsuGGBdCphf8S+KPprL1z+oDWkmSQ==}
    engines: {node: '>=10'}
    cpu: [arm]
    os: [linux]

  '@swc/core-linux-arm64-gnu@1.9.3':
    resolution: {integrity: sha512-AQ5JZiwNGVV/2K2TVulg0mw/3LYfqpjZO6jDPtR2evNbk9Yt57YsVzS+3vHSlUBQDRV9/jqMuZYVU3P13xrk+g==}
    engines: {node: '>=10'}
    cpu: [arm64]
    os: [linux]

  '@swc/core-linux-arm64-musl@1.9.3':
    resolution: {integrity: sha512-tzVH480RY6RbMl/QRgh5HK3zn1ZTFsThuxDGo6Iuk1MdwIbdFYUY034heWUTI4u3Db97ArKh0hNL0xhO3+PZdg==}
    engines: {node: '>=10'}
    cpu: [arm64]
    os: [linux]

  '@swc/core-linux-x64-gnu@1.9.3':
    resolution: {integrity: sha512-ivXXBRDXDc9k4cdv10R21ccBmGebVOwKXT/UdH1PhxUn9m/h8erAWjz5pcELwjiMf27WokqPgaWVfaclDbgE+w==}
    engines: {node: '>=10'}
    cpu: [x64]
    os: [linux]

  '@swc/core-linux-x64-musl@1.9.3':
    resolution: {integrity: sha512-ILsGMgfnOz1HwdDz+ZgEuomIwkP1PHT6maigZxaCIuC6OPEhKE8uYna22uU63XvYcLQvZYDzpR3ms47WQPuNEg==}
    engines: {node: '>=10'}
    cpu: [x64]
    os: [linux]

  '@swc/core-win32-arm64-msvc@1.9.3':
    resolution: {integrity: sha512-e+XmltDVIHieUnNJHtspn6B+PCcFOMYXNJB1GqoCcyinkEIQNwC8KtWgMqUucUbEWJkPc35NHy9k8aCXRmw9Kg==}
    engines: {node: '>=10'}
    cpu: [arm64]
    os: [win32]

  '@swc/core-win32-ia32-msvc@1.9.3':
    resolution: {integrity: sha512-rqpzNfpAooSL4UfQnHhkW8aL+oyjqJniDP0qwZfGnjDoJSbtPysHg2LpcOBEdSnEH+uIZq6J96qf0ZFD8AGfXA==}
    engines: {node: '>=10'}
    cpu: [ia32]
    os: [win32]

  '@swc/core-win32-x64-msvc@1.9.3':
    resolution: {integrity: sha512-3YJJLQ5suIEHEKc1GHtqVq475guiyqisKSoUnoaRtxkDaW5g1yvPt9IoSLOe2mRs7+FFhGGU693RsBUSwOXSdQ==}
    engines: {node: '>=10'}
    cpu: [x64]
    os: [win32]

  '@swc/core@1.9.3':
    resolution: {integrity: sha512-oRj0AFePUhtatX+BscVhnzaAmWjpfAeySpM1TCbxA1rtBDeH/JDhi5yYzAKneDYtVtBvA7ApfeuzhMC9ye4xSg==}
    engines: {node: '>=10'}
    peerDependencies:
      '@swc/helpers': '*'
    peerDependenciesMeta:
      '@swc/helpers':
        optional: true

  '@swc/counter@0.1.3':
    resolution: {integrity: sha512-e2BR4lsJkkRlKZ/qCHPw9ZaSxc0MVUd7gtbtaB7aMvHeJVYe8sOB8DBZkP2DtISHGSku9sCK6T6cnY0CtXrOCQ==}

  '@swc/types@0.1.17':
    resolution: {integrity: sha512-V5gRru+aD8YVyCOMAjMpWR1Ui577DD5KSJsHP8RAxopAH22jFz6GZd/qxqjO6MJHQhcsjvjOFXyDhyLQUnMveQ==}

  '@tailwindcss/node@4.0.0-beta.2':
    resolution: {integrity: sha512-rcWgGqmvm+YfRhRUyYZZfbtGtP940r9oBigPOzdZGr6r8WoAfOPGhPBN0lTW94NzJWT34hKIsVz6+7jHQcwt+A==}

  '@tailwindcss/oxide-android-arm64@4.0.0-beta.2':
    resolution: {integrity: sha512-Vk7IBMA/gVGupl3+j++oeKxN2xmif1ET3LF+tuE3TzEE31P28+tS1tLuqfpA5NZLDGfHhuomhukS8PPa7CFGZw==}
    engines: {node: '>= 10'}
    cpu: [arm64]
    os: [android]

  '@tailwindcss/oxide-darwin-arm64@4.0.0-beta.2':
    resolution: {integrity: sha512-qihv6iGezmM4M5GW+y45InlXC4FB6DVdxq2kk8tihPocTCHThO4+kDifIEh4KuqD8viuWAkTZQ9T1LXbo+9buQ==}
    engines: {node: '>= 10'}
    cpu: [arm64]
    os: [darwin]

  '@tailwindcss/oxide-darwin-x64@4.0.0-beta.2':
    resolution: {integrity: sha512-P/cRt2cs09QqwBMQMYB2LeB5fpllNdIH5fSqjA2iMzT1IPsIeWETAn9sAuVZb140p55sD1PUfvl5Cjap5MNRUw==}
    engines: {node: '>= 10'}
    cpu: [x64]
    os: [darwin]

  '@tailwindcss/oxide-freebsd-x64@4.0.0-beta.2':
    resolution: {integrity: sha512-UMfZx0K6PoMcH/zMlrPG5O68nGtxeYUn7Sg2LXDNfvE5YtX5JuJqLxdoMxdER4thE34Ni/KViK0njQBUtTNOsw==}
    engines: {node: '>= 10'}
    cpu: [x64]
    os: [freebsd]

  '@tailwindcss/oxide-linux-arm-gnueabihf@4.0.0-beta.2':
    resolution: {integrity: sha512-MXzGuHdBcyhBlmRuKBYqfUcck2xLKT6MZsyjIev1WSUNATLY88jXODI0+jizMb30RgfcbirKHecDkP1fBcT5MQ==}
    engines: {node: '>= 10'}
    cpu: [arm]
    os: [linux]

  '@tailwindcss/oxide-linux-arm64-gnu@4.0.0-beta.2':
    resolution: {integrity: sha512-UajegPqU7In0+FAHDBJ/yYgeTM+OydJPqidw1zFhtJCJeT2niAKqtExksbwgP8t6AX/1TcucNKQHE+AXIQWnWQ==}
    engines: {node: '>= 10'}
    cpu: [arm64]
    os: [linux]

  '@tailwindcss/oxide-linux-arm64-musl@4.0.0-beta.2':
    resolution: {integrity: sha512-82qo9PEr7CgSywYNUQrMLN6olt2KYn/zH2Wz5oCMbtmK8jp9IFanosbRjHwLwTqBlKX4NCGIJOqm6LkqPyDOSg==}
    engines: {node: '>= 10'}
    cpu: [arm64]
    os: [linux]

  '@tailwindcss/oxide-linux-x64-gnu@4.0.0-beta.2':
    resolution: {integrity: sha512-+ZoVg6iQ8ApPdNX5u2a7Y0w2utPmmR0WWc3tJIvm7iyCC5+BdPp2MYw6HAmlfMOYwI781+77u98u5tU+VS1rHg==}
    engines: {node: '>= 10'}
    cpu: [x64]
    os: [linux]

  '@tailwindcss/oxide-linux-x64-musl@4.0.0-beta.2':
    resolution: {integrity: sha512-vfsFHh2PIAcCGOVrfwIHWFidIpcoqeKmyaz0ZsS2ZOO64aXCAAe9VZwLUJtzA+L7BTkJd0PnhCDJL1dcTTCCGw==}
    engines: {node: '>= 10'}
    cpu: [x64]
    os: [linux]

  '@tailwindcss/oxide-win32-arm64-msvc@4.0.0-beta.2':
    resolution: {integrity: sha512-fCvsXiFKHg304wHprQhpX0O3QT8McC7pyXnc9x2MDs0l0/mG+8ibMzguAbObnRP5GZ5JbbVJ2sQe6JnMyxWWQw==}
    engines: {node: '>= 10'}
    cpu: [arm64]
    os: [win32]

  '@tailwindcss/oxide-win32-x64-msvc@4.0.0-beta.2':
    resolution: {integrity: sha512-wFSERR9EpTu8OYqPb36Js1DeuC+8LuQxywnyEOnhzOKQZ4FQm+dfGBzHpQ/7MogBdS31Zahe42UteqCwujbzVQ==}
    engines: {node: '>= 10'}
    cpu: [x64]
    os: [win32]

  '@tailwindcss/oxide@4.0.0-beta.2':
    resolution: {integrity: sha512-Ety2iN7vYZs2kyx02fMgmaxpvKoGtlfqsJRAjtalD+EZzT4r2GksNu7Bb/KAVQCGPLBDCWjQ89qBseBHJfxKbg==}
    engines: {node: '>= 10'}

  '@tailwindcss/vite@4.0.0-beta.2':
    resolution: {integrity: sha512-9RJwoCRjjS0ltmGiWtZGPyVg967SSwbI/+DXovU1iCWwiWJJhDJTaZ5GO1Cd6FMj4wFEjna3RkI7CG44I+FprA==}
    peerDependencies:
      vite: ^5.2.0

  '@types/estree@1.0.6':
    resolution: {integrity: sha512-AYnb1nQyY49te+VRAVgmzfcgjYS91mY5P0TKUDCLEM+gNnA+3T6rWITXRLYCpahpqSQbN5cE+gHpnPyXjHWxcw==}

  '@types/prop-types@15.7.13':
    resolution: {integrity: sha512-hCZTSvwbzWGvhqxp/RqVqwU999pBf2vp7hzIjiYOsl8wqOmUxkQ6ddw1cV3l8811+kdUFus/q4d1Y3E3SyEifA==}

  '@types/react-dom@18.3.1':
    resolution: {integrity: sha512-qW1Mfv8taImTthu4KoXgDfLuk4bydU6Q/TkADnDWWHwi4NX4BR+LWfTp2sVmTqRrsHvyDDTelgelxJ+SsejKKQ==}

  '@types/react@18.3.12':
    resolution: {integrity: sha512-D2wOSq/d6Agt28q7rSI3jhU7G6aiuzljDGZ2hTZHIkrTLUI+AF3WMeKkEZ9nN2fkBAlcktT6vcZjDFiIhMYEQw==}

  '@vitejs/plugin-react-swc@3.7.1':
    resolution: {integrity: sha512-vgWOY0i1EROUK0Ctg1hwhtC3SdcDjZcdit4Ups4aPkDcB1jYhmo+RMYWY87cmXMhvtD5uf8lV89j2w16vkdSVg==}
    peerDependencies:
      vite: ^4 || ^5

  acorn-typescript@1.4.13:
    resolution: {integrity: sha512-xsc9Xv0xlVfwp2o7sQ+GCQ1PgbkdcpWdTzrwXxO3xDMTAywVS3oXVOcOHuRjAPkS4P9b+yc/qNF15460v+jp4Q==}
    peerDependencies:
      acorn: '>=8.9.0'

  acorn@8.14.0:
    resolution: {integrity: sha512-cl669nCJTZBsL97OF4kUQm5g5hC2uihk0NxY3WENAC0TYdILVkAyHymAntgxGkl7K+t0cXIrH5siy5S4XkFycA==}
    engines: {node: '>=0.4.0'}
    hasBin: true

  aria-query@5.3.2:
    resolution: {integrity: sha512-COROpnaoap1E2F000S62r6A60uHZnmlvomhfyT2DlTcrY1OrBKn2UhH7qn5wTC9zMvD0AY7csdPSNwKP+7WiQw==}
    engines: {node: '>= 0.4'}

  axobject-query@4.1.0:
    resolution: {integrity: sha512-qIj0G9wZbMGNLjLmg1PT6v2mE9AH2zlnADJD/2tC6E00hgmhUOfEB6greHPAfLRSufHqROIUTkw6E+M3lH0PTQ==}
    engines: {node: '>= 0.4'}

  csstype@3.1.3:
    resolution: {integrity: sha512-M1uQkMl8rQK/szD0LNhtqxIPLpimGm8sOBwU7lLnCpSbTyY3yeU1Vc7l4KT5zT4s/yOxHH5O7tIuuLOCnLADRw==}

  detect-libc@1.0.3:
    resolution: {integrity: sha512-pGjwhsmsp4kL2RTz08wcOlGN83otlqHeD/Z5T8GXZB+/YcpQ/dgo+lbU8ZsGxV0HIvqqxo9l7mqYwyYMD9bKDg==}
    engines: {node: '>=0.10'}
    hasBin: true

  enhanced-resolve@5.17.1:
    resolution: {integrity: sha512-LMHl3dXhTcfv8gM4kEzIUeTQ+7fpdA0l2tUf34BddXPkz2A5xJ5L/Pchd5BL6rdccM9QGvu0sWZzK1Z1t4wwyg==}
    engines: {node: '>=10.13.0'}

  esbuild@0.21.5:
    resolution: {integrity: sha512-mg3OPMV4hXywwpoDxu3Qda5xCKQi+vCTZq8S9J/EpkhB2HzKXq4SNFZE3+NK93JYxc8VMSep+lOUSC/RVKaBqw==}
    engines: {node: '>=12'}
    hasBin: true

  esm-env@1.1.4:
    resolution: {integrity: sha512-oO82nKPHKkzIj/hbtuDYy/JHqBHFlMIW36SDiPCVsj87ntDLcWN+sJ1erdVryd4NxODacFTsdrIE3b7IamqbOg==}

  esrap@1.2.2:
    resolution: {integrity: sha512-F2pSJklxx1BlQIQgooczXCPHmcWpn6EsP5oo73LQfonG9fIlIENQ8vMmfGXeojP9MrkzUNAfyU5vdFlR9shHAw==}

  fsevents@2.3.3:
    resolution: {integrity: sha512-5xoDfX+fL7faATnagmWPpbFtwh/R77WmMMqqHGS65C3vvB0YHrgF+B1YmZ3441tMj5n63k0212XNoJwzlhffQw==}
    engines: {node: ^8.16.0 || ^10.6.0 || >=11.0.0}
    os: [darwin]

  globals@15.12.0:
    resolution: {integrity: sha512-1+gLErljJFhbOVyaetcwJiJ4+eLe45S2E7P5UiZ9xGfeq3ATQf5DOv9G7MH3gGbKQLkzmNh2DxfZwLdw+j6oTQ==}
    engines: {node: '>=18'}

  graceful-fs@4.2.11:
    resolution: {integrity: sha512-RbJ5/jmFcNNCcDV5o9eTnBLJ/HszWV0P73bc+Ff4nS/rJj+YaS6IGyiOL0VoBYX+l1Wrl3k63h/KrH+nhJ0XvQ==}

  is-reference@3.0.3:
    resolution: {integrity: sha512-ixkJoqQvAP88E6wLydLGGqCJsrFUnqoH6HnaczB8XmDH1oaWU+xxdptvikTgaEhtZ53Ky6YXiBuUI2WXLMCwjw==}

  jiti@2.4.0:
    resolution: {integrity: sha512-H5UpaUI+aHOqZXlYOaFP/8AzKsg+guWu+Pr3Y8i7+Y3zr1aXAvCvTAQ1RxSc6oVD8R8c7brgNtTVP91E7upH/g==}
    hasBin: true

  js-tokens@4.0.0:
    resolution: {integrity: sha512-RdJUflcE3cUzKiMqQgsCu06FPu9UdIJO0beYbPhHN4k6apgJtifcoCtT9bcxOpYBtpD2kCM6Sbzg4CausW/PKQ==}

  lefthook-darwin-arm64@1.8.4:
    resolution: {integrity: sha512-OS5MsU0gvd8LYSpuQCHtmDUqwNrJ/LjCO0LGC1wNepY4OkuVl9DfX+rQ506CVUQYZiGVcwy2/qPOOBjNzA5+wQ==}
    cpu: [arm64]
    os: [darwin]

  lefthook-darwin-x64@1.8.4:
    resolution: {integrity: sha512-QLRsqK9aTMRcVW8qz4pzI2OWnGCEcaEPJlIiFjwstYsS+wfkooxOS0UkfVMjy+QoGgEcki+cxF/FoY7lE7DDtw==}
    cpu: [x64]
    os: [darwin]

  lefthook-freebsd-arm64@1.8.4:
    resolution: {integrity: sha512-chnQ1m/Cmn9c0sLdk5HL2SToE5LBJv5uQMdH1IGRRcw+nEqWqrMnDXvM75caiJAyjmUGvPH3czKTJDzTFV1E+A==}
    cpu: [arm64]
    os: [freebsd]

  lefthook-freebsd-x64@1.8.4:
    resolution: {integrity: sha512-KQi+WBUdnGLnK0rHOR58kbMH5TDVN1ZjZLu66Pv9FCG7Y7shR1qtaTXu+wmxdRhMvaLeQIXRsUEPjNRC66yMmA==}
    cpu: [x64]
    os: [freebsd]

  lefthook-linux-arm64@1.8.4:
    resolution: {integrity: sha512-CXNcqIskLwTwQARidGdFqmNxpvOU3jsWPK4KA7pq2+QmlWJ64w98ebMvNBoUmRUCXqzmUm7Udf/jpfz2fobewQ==}
    cpu: [arm64]
    os: [linux]

  lefthook-linux-x64@1.8.4:
    resolution: {integrity: sha512-pVNITkFBxUCEtamWSM/res2Gd48+m9YKbNyIBndAuZVC5pKV5aGKZy2DNq6PWUPYiUDPx+7hoAtCJg/tlAiqhw==}
    cpu: [x64]
    os: [linux]

  lefthook-openbsd-arm64@1.8.4:
    resolution: {integrity: sha512-l+i/Dg5X36kYzhpMGSPE3rMbWy1KSytbLB9lY1PmxYb6LRH6iQTYIoxvLabVUwSBPSq8HtIFa50+bvC5+scfVA==}
    cpu: [arm64]
    os: [openbsd]

  lefthook-openbsd-x64@1.8.4:
    resolution: {integrity: sha512-CqhDDPPX8oHzMLgNi/Reba823DRzj+eMNWQ8axvSiIG+zmG1w20xZH5QSs/mD3tjrND90yfDd90mWMt181qPyA==}
    cpu: [x64]
    os: [openbsd]

  lefthook-windows-arm64@1.8.4:
    resolution: {integrity: sha512-dvpvorICmVjmw29Aiczg7DcaSzkd86bEBomiGq4UsAEk3+7ExLrlWJDLFsI6xLjMKmTxy+F7eXb2uDtuFC1N4g==}
    cpu: [arm64]
    os: [win32]

  lefthook-windows-x64@1.8.4:
    resolution: {integrity: sha512-e+y8Jt4/7PnoplhOuK48twjGVJEsU4T3J5kxD4mWfl6Cbit0YSn4bme9nW41eqCqTUqOm+ky29XlfnPHFX5ZNA==}
    cpu: [x64]
    os: [win32]

  lefthook@1.8.4:
    resolution: {integrity: sha512-XNyMaTWNRuADOaocYiHidgNkNDz8SCekpdNJ7lqceFcBT2zjumnb28/o7IMaNROpLBZdQkLkJXSeaQWGqn3kog==}
    hasBin: true

  lightningcss-darwin-arm64@1.28.1:
    resolution: {integrity: sha512-VG3vvzM0m/rguCdm76DdobNeNJnHK+jWcdkNLFWHLh9YCotRvbRIt45JxwcHlIF8TDqWStVLTdghq5NaigVCBQ==}
    engines: {node: '>= 12.0.0'}
    cpu: [arm64]
    os: [darwin]

  lightningcss-darwin-x64@1.28.1:
    resolution: {integrity: sha512-O7ORdislvKfMohFl4Iq7fxKqdJOuuxArcglVI3amuFO5DJ0wfV3Gxgi1JRo49slfr7OVzJQEHLG4muTWYM5cTQ==}
    engines: {node: '>= 12.0.0'}
    cpu: [x64]
    os: [darwin]

  lightningcss-freebsd-x64@1.28.1:
    resolution: {integrity: sha512-b7sF89B31kYYijxVcFO7l5u6UNA862YstNu+3YbLl/IQKzveL4a5cwR5cdpG+OOhErg/c2u9WCmzZoX2I5GBvw==}
    engines: {node: '>= 12.0.0'}
    cpu: [x64]
    os: [freebsd]

  lightningcss-linux-arm-gnueabihf@1.28.1:
    resolution: {integrity: sha512-p61kXwvhUDLLzkWHjzSFfUBW/F0iy3jr3CWi3k8SKULtJEsJXTI9DqRm9EixxMSe2AMBQBt4auTYiQL4B1N51A==}
    engines: {node: '>= 12.0.0'}
    cpu: [arm]
    os: [linux]

  lightningcss-linux-arm64-gnu@1.28.1:
    resolution: {integrity: sha512-iO+fN9hOMmzfwqcG2/BgUtMKD48H2JO/SXU44fyIwpY2veb65QF5xiRrQ9l1FwIxbGK3231KBYCtAqv+xf+NsQ==}
    engines: {node: '>= 12.0.0'}
    cpu: [arm64]
    os: [linux]

  lightningcss-linux-arm64-musl@1.28.1:
    resolution: {integrity: sha512-dnMHeXEmCUzHHZjaDpQBYuBKcN9nPC3nPFKl70bcj5Bkn5EmkcgEqm5p035LKOgvAwk1XwLpQCML6pXmCwz0NQ==}
    engines: {node: '>= 12.0.0'}
    cpu: [arm64]
    os: [linux]

  lightningcss-linux-x64-gnu@1.28.1:
    resolution: {integrity: sha512-7vWDISaMUn+oo2TwRdf2hl/BLdPxvywv9JKEqNZB/0K7bXwV4XE9wN/C2sAp1gGuh6QBA8lpjF4JIPt3HNlCHA==}
    engines: {node: '>= 12.0.0'}
    cpu: [x64]
    os: [linux]

  lightningcss-linux-x64-musl@1.28.1:
    resolution: {integrity: sha512-IHCu9tVGP+x5BCpA2rF3D04DBokcBza/a8AuHQU+1AiMKubuMegPwcL7RatBgK4ztFHeYnnD5NdhwhRfYMAtNA==}
    engines: {node: '>= 12.0.0'}
    cpu: [x64]
    os: [linux]

  lightningcss-win32-arm64-msvc@1.28.1:
    resolution: {integrity: sha512-Erm72kHmMg/3h350PTseskz+eEGBM17Fuu79WW2Qqt0BfWSF1jHHc12lkJCWMYl5jcBHPs5yZdgNHtJ7IJS3Uw==}
    engines: {node: '>= 12.0.0'}
    cpu: [arm64]
    os: [win32]

  lightningcss-win32-x64-msvc@1.28.1:
    resolution: {integrity: sha512-ZPQtvx+uQBzrSdHH8p4H3M9Alue+x369TPZAA3b4K3d92FPhpZCuBG04+HQzspam9sVeID9mI6f3VRAs2ezaEA==}
    engines: {node: '>= 12.0.0'}
    cpu: [x64]
    os: [win32]

  lightningcss@1.28.1:
    resolution: {integrity: sha512-KRDkHlLlNj3DWh79CDt93fPlRJh2W1AuHV0ZSZAMMuN7lqlsZTV5842idfS1urWG8q9tc17velp1gCXhY7sLnQ==}
    engines: {node: '>= 12.0.0'}

  locate-character@3.0.0:
    resolution: {integrity: sha512-SW13ws7BjaeJ6p7Q6CO2nchbYEc3X3J6WrmTTDto7yMPqVSZTUyY5Tjbid+Ab8gLnATtygYtiDIJGQRRn2ZOiA==}

  loose-envify@1.4.0:
    resolution: {integrity: sha512-lyuxPGr/Wfhrlem2CL/UcnUc1zcqKAImBDzukY7Y5F/yQiNdko6+fRLevlw1HgMySw7f611UIY408EtxRSoK3Q==}
    hasBin: true

  magic-string@0.30.13:
    resolution: {integrity: sha512-8rYBO+MsWkgjDSOvLomYnzhdwEG51olQ4zL5KXnNJWV5MNmrb4rTZdrtkhxjnD/QyZUqR/Z/XDsUs/4ej2nx0g==}

  nanoid@3.3.7:
    resolution: {integrity: sha512-eSRppjcPIatRIMC1U6UngP8XFcz8MQWGQdt1MTBQ7NaAmvXDfvNxbvWV3x2y6CdEUciCSsDHDQZbhYaB8QEo2g==}
    engines: {node: ^10 || ^12 || ^13.7 || ^14 || >=15.0.1}
    hasBin: true

  picocolors@1.1.1:
    resolution: {integrity: sha512-xceH2snhtb5M9liqDsmEw56le376mTZkEX/jEb/RxNFyegNul7eNslCXP9FDj/Lcu0X8KEyMceP2ntpaHrDEVA==}

  postcss@8.4.49:
    resolution: {integrity: sha512-OCVPnIObs4N29kxTjzLfUryOkvZEq+pf8jTF0lg8E7uETuWHA+v7j3c/xJmiqpX450191LlmZfUKkXxkTry7nA==}
    engines: {node: ^10 || ^12 || >=14}

  react-dom@18.3.1:
    resolution: {integrity: sha512-5m4nQKp+rZRb09LNH59GM4BxTh9251/ylbKIbpe7TpGxfJ+9kv6BLkLBXIjjspbgbnIBNqlI23tRnTWT0snUIw==}
    peerDependencies:
      react: ^18.3.1

  react@18.3.1:
    resolution: {integrity: sha512-wS+hAgJShR0KhEvPJArfuPVN1+Hz1t0Y6n5jLrGQbkb4urgPE/0Rve+1kMB1v/oWgHgm4WIcV+i7F2pTVj+2iQ==}
    engines: {node: '>=0.10.0'}

  rollup@4.27.3:
    resolution: {integrity: sha512-SLsCOnlmGt9VoZ9Ek8yBK8tAdmPHeppkw+Xa7yDlCEhDTvwYei03JlWo1fdc7YTfLZ4tD8riJCUyAgTbszk1fQ==}
    engines: {node: '>=18.0.0', npm: '>=8.0.0'}
    hasBin: true

  scheduler@0.23.2:
    resolution: {integrity: sha512-UOShsPwz7NrMUqhR6t0hWjFduvOzbtv7toDH1/hIrfRNIDBnnBWd0CwJTGvTpngVlmwGCdP9/Zl/tVrDqcuYzQ==}

  source-map-js@1.2.1:
    resolution: {integrity: sha512-UXWMKhLOwVKb728IUtQPXxfYU+usdybtUrK/8uGE8CQMvrhOpwvzDBwj0QhSL7MQc7vIsISBG8VQ8+IDQxpfQA==}
    engines: {node: '>=0.10.0'}

  svelte-preprocess@6.0.3:
    resolution: {integrity: sha512-PLG2k05qHdhmRG7zR/dyo5qKvakhm8IJ+hD2eFRQmMLHp7X3eJnjeupUtvuRpbNiF31RjVw45W+abDwHEmP5OA==}
    engines: {node: '>= 18.0.0'}
    peerDependencies:
      '@babel/core': ^7.10.2
      coffeescript: ^2.5.1
      less: ^3.11.3 || ^4.0.0
      postcss: ^7 || ^8
      postcss-load-config: '>=3'
      pug: ^3.0.0
      sass: ^1.26.8
      stylus: '>=0.55'
      sugarss: ^2.0.0 || ^3.0.0 || ^4.0.0
      svelte: ^4.0.0 || ^5.0.0-next.100 || ^5.0.0
      typescript: ^5.0.0
    peerDependenciesMeta:
      '@babel/core':
        optional: true
      coffeescript:
        optional: true
      less:
        optional: true
      postcss:
        optional: true
      postcss-load-config:
        optional: true
      pug:
        optional: true
      sass:
        optional: true
      stylus:
        optional: true
      sugarss:
        optional: true
      typescript:
        optional: true

  svelte@5.2.7:
    resolution: {integrity: sha512-cEhPGuLHiH2+Z8B1FwQgiZJgA39uUmJR4516TKrM5zrp0/cuwJkfhUfcTxhAkznanAF5fXUKzvYR4o+Ksx3ZCQ==}
    engines: {node: '>=18'}

  tailwindcss@4.0.0-beta.2:
    resolution: {integrity: sha512-uZ+vgVsy6i18Glc3XYMkTq7dl4GsU4m8X8qRTVlU4+g8Uit7g+wttwfDCl3p+ZOq5KCB09th9XgVDx1zFLCeHA==}

  tapable@2.2.1:
    resolution: {integrity: sha512-GNzQvQTOIP6RyTfE2Qxb8ZVlNmw0n88vp1szwWRimP02mnTsx3Wtn5qRdqY9w2XduFNUgvOwhNnQsjwCp+kqaQ==}
    engines: {node: '>=6'}

  typescript@5.6.3:
    resolution: {integrity: sha512-hjcS1mhfuyi4WW8IWtjP7brDrG2cuDZukyrYrSauoXGNgx0S7zceP07adYkJycEr56BOUTNPzbInooiN3fn1qw==}
    engines: {node: '>=14.17'}
    hasBin: true

  vite@5.4.11:
    resolution: {integrity: sha512-c7jFQRklXua0mTzneGW9QVyxFjUgwcihC4bXEtujIo2ouWCe1Ajt/amn2PCxYnhYfd5k09JX3SB7OYWFKYqj8Q==}
    engines: {node: ^18.0.0 || >=20.0.0}
    hasBin: true
    peerDependencies:
      '@types/node': ^18.0.0 || >=20.0.0
      less: '*'
      lightningcss: ^1.21.0
      sass: '*'
      sass-embedded: '*'
      stylus: '*'
      sugarss: '*'
      terser: ^5.4.0
    peerDependenciesMeta:
      '@types/node':
        optional: true
      less:
        optional: true
      lightningcss:
        optional: true
      sass:
        optional: true
      sass-embedded:
        optional: true
      stylus:
        optional: true
      sugarss:
        optional: true
      terser:
        optional: true

  zimmerframe@1.1.2:
    resolution: {integrity: sha512-rAbqEGa8ovJy4pyBxZM70hg4pE6gDgaQ0Sl9M3enG3I0d6H4XSAM3GeNGLKnsBpuijUow064sf7ww1nutC5/3w==}

snapshots:

  '@ampproject/remapping@2.3.0':
    dependencies:
      '@jridgewell/gen-mapping': 0.3.5
      '@jridgewell/trace-mapping': 0.3.25

  '@biomejs/biome@1.9.4':
    optionalDependencies:
      '@biomejs/cli-darwin-arm64': 1.9.4
      '@biomejs/cli-darwin-x64': 1.9.4
      '@biomejs/cli-linux-arm64': 1.9.4
      '@biomejs/cli-linux-arm64-musl': 1.9.4
      '@biomejs/cli-linux-x64': 1.9.4
      '@biomejs/cli-linux-x64-musl': 1.9.4
      '@biomejs/cli-win32-arm64': 1.9.4
      '@biomejs/cli-win32-x64': 1.9.4

  '@biomejs/cli-darwin-arm64@1.9.4':
    optional: true

  '@biomejs/cli-darwin-x64@1.9.4':
    optional: true

  '@biomejs/cli-linux-arm64-musl@1.9.4':
    optional: true

  '@biomejs/cli-linux-arm64@1.9.4':
    optional: true

  '@biomejs/cli-linux-x64-musl@1.9.4':
    optional: true

  '@biomejs/cli-linux-x64@1.9.4':
    optional: true

  '@biomejs/cli-win32-arm64@1.9.4':
    optional: true

  '@biomejs/cli-win32-x64@1.9.4':
    optional: true

  '@esbuild/aix-ppc64@0.21.5':
    optional: true

  '@esbuild/android-arm64@0.21.5':
    optional: true

  '@esbuild/android-arm@0.21.5':
    optional: true

  '@esbuild/android-x64@0.21.5':
    optional: true

  '@esbuild/darwin-arm64@0.21.5':
    optional: true

  '@esbuild/darwin-x64@0.21.5':
    optional: true

  '@esbuild/freebsd-arm64@0.21.5':
    optional: true

  '@esbuild/freebsd-x64@0.21.5':
    optional: true

  '@esbuild/linux-arm64@0.21.5':
    optional: true

  '@esbuild/linux-arm@0.21.5':
    optional: true

  '@esbuild/linux-ia32@0.21.5':
    optional: true

  '@esbuild/linux-loong64@0.21.5':
    optional: true

  '@esbuild/linux-mips64el@0.21.5':
    optional: true

  '@esbuild/linux-ppc64@0.21.5':
    optional: true

  '@esbuild/linux-riscv64@0.21.5':
    optional: true

  '@esbuild/linux-s390x@0.21.5':
    optional: true

  '@esbuild/linux-x64@0.21.5':
    optional: true

  '@esbuild/netbsd-x64@0.21.5':
    optional: true

  '@esbuild/openbsd-x64@0.21.5':
    optional: true

  '@esbuild/sunos-x64@0.21.5':
    optional: true

  '@esbuild/win32-arm64@0.21.5':
    optional: true

  '@esbuild/win32-ia32@0.21.5':
    optional: true

  '@esbuild/win32-x64@0.21.5':
    optional: true

  '@jridgewell/gen-mapping@0.3.5':
    dependencies:
      '@jridgewell/set-array': 1.2.1
      '@jridgewell/sourcemap-codec': 1.5.0
      '@jridgewell/trace-mapping': 0.3.25

  '@jridgewell/resolve-uri@3.1.2': {}

  '@jridgewell/set-array@1.2.1': {}

  '@jridgewell/sourcemap-codec@1.5.0': {}

  '@jridgewell/trace-mapping@0.3.25':
    dependencies:
      '@jridgewell/resolve-uri': 3.1.2
      '@jridgewell/sourcemap-codec': 1.5.0

  '@rollup/rollup-android-arm-eabi@4.27.3':
    optional: true

  '@rollup/rollup-android-arm64@4.27.3':
    optional: true

  '@rollup/rollup-darwin-arm64@4.27.3':
    optional: true

  '@rollup/rollup-darwin-x64@4.27.3':
    optional: true

  '@rollup/rollup-freebsd-arm64@4.27.3':
    optional: true

  '@rollup/rollup-freebsd-x64@4.27.3':
    optional: true

  '@rollup/rollup-linux-arm-gnueabihf@4.27.3':
    optional: true

  '@rollup/rollup-linux-arm-musleabihf@4.27.3':
    optional: true

  '@rollup/rollup-linux-arm64-gnu@4.27.3':
    optional: true

  '@rollup/rollup-linux-arm64-musl@4.27.3':
    optional: true

  '@rollup/rollup-linux-powerpc64le-gnu@4.27.3':
    optional: true

  '@rollup/rollup-linux-riscv64-gnu@4.27.3':
    optional: true

  '@rollup/rollup-linux-s390x-gnu@4.27.3':
    optional: true

  '@rollup/rollup-linux-x64-gnu@4.27.3':
    optional: true

  '@rollup/rollup-linux-x64-musl@4.27.3':
    optional: true

  '@rollup/rollup-win32-arm64-msvc@4.27.3':
    optional: true

  '@rollup/rollup-win32-ia32-msvc@4.27.3':
    optional: true

  '@rollup/rollup-win32-x64-msvc@4.27.3':
    optional: true

  '@swc/core-darwin-arm64@1.9.3':
    optional: true

  '@swc/core-darwin-x64@1.9.3':
    optional: true

  '@swc/core-linux-arm-gnueabihf@1.9.3':
    optional: true

  '@swc/core-linux-arm64-gnu@1.9.3':
    optional: true

  '@swc/core-linux-arm64-musl@1.9.3':
    optional: true

  '@swc/core-linux-x64-gnu@1.9.3':
    optional: true

  '@swc/core-linux-x64-musl@1.9.3':
    optional: true

  '@swc/core-win32-arm64-msvc@1.9.3':
    optional: true

  '@swc/core-win32-ia32-msvc@1.9.3':
    optional: true

  '@swc/core-win32-x64-msvc@1.9.3':
    optional: true

  '@swc/core@1.9.3':
    dependencies:
      '@swc/counter': 0.1.3
      '@swc/types': 0.1.17
    optionalDependencies:
      '@swc/core-darwin-arm64': 1.9.3
      '@swc/core-darwin-x64': 1.9.3
      '@swc/core-linux-arm-gnueabihf': 1.9.3
      '@swc/core-linux-arm64-gnu': 1.9.3
      '@swc/core-linux-arm64-musl': 1.9.3
      '@swc/core-linux-x64-gnu': 1.9.3
      '@swc/core-linux-x64-musl': 1.9.3
      '@swc/core-win32-arm64-msvc': 1.9.3
      '@swc/core-win32-ia32-msvc': 1.9.3
      '@swc/core-win32-x64-msvc': 1.9.3

  '@swc/counter@0.1.3': {}

  '@swc/types@0.1.17':
    dependencies:
      '@swc/counter': 0.1.3

  '@tailwindcss/node@4.0.0-beta.2':
    dependencies:
      enhanced-resolve: 5.17.1
      jiti: 2.4.0
      tailwindcss: 4.0.0-beta.2

  '@tailwindcss/oxide-android-arm64@4.0.0-beta.2':
    optional: true

  '@tailwindcss/oxide-darwin-arm64@4.0.0-beta.2':
    optional: true

  '@tailwindcss/oxide-darwin-x64@4.0.0-beta.2':
    optional: true

  '@tailwindcss/oxide-freebsd-x64@4.0.0-beta.2':
    optional: true

  '@tailwindcss/oxide-linux-arm-gnueabihf@4.0.0-beta.2':
    optional: true

  '@tailwindcss/oxide-linux-arm64-gnu@4.0.0-beta.2':
    optional: true

  '@tailwindcss/oxide-linux-arm64-musl@4.0.0-beta.2':
    optional: true

  '@tailwindcss/oxide-linux-x64-gnu@4.0.0-beta.2':
    optional: true

  '@tailwindcss/oxide-linux-x64-musl@4.0.0-beta.2':
    optional: true

  '@tailwindcss/oxide-win32-arm64-msvc@4.0.0-beta.2':
    optional: true

  '@tailwindcss/oxide-win32-x64-msvc@4.0.0-beta.2':
    optional: true

  '@tailwindcss/oxide@4.0.0-beta.2':
    optionalDependencies:
      '@tailwindcss/oxide-android-arm64': 4.0.0-beta.2
      '@tailwindcss/oxide-darwin-arm64': 4.0.0-beta.2
      '@tailwindcss/oxide-darwin-x64': 4.0.0-beta.2
      '@tailwindcss/oxide-freebsd-x64': 4.0.0-beta.2
      '@tailwindcss/oxide-linux-arm-gnueabihf': 4.0.0-beta.2
      '@tailwindcss/oxide-linux-arm64-gnu': 4.0.0-beta.2
      '@tailwindcss/oxide-linux-arm64-musl': 4.0.0-beta.2
      '@tailwindcss/oxide-linux-x64-gnu': 4.0.0-beta.2
      '@tailwindcss/oxide-linux-x64-musl': 4.0.0-beta.2
      '@tailwindcss/oxide-win32-arm64-msvc': 4.0.0-beta.2
      '@tailwindcss/oxide-win32-x64-msvc': 4.0.0-beta.2

  '@tailwindcss/vite@4.0.0-beta.2(postcss@8.4.49)(svelte@5.2.7)(typescript@5.6.3)(vite@5.4.11(lightningcss@1.28.1))':
    dependencies:
      '@tailwindcss/node': 4.0.0-beta.2
      '@tailwindcss/oxide': 4.0.0-beta.2
      lightningcss: 1.28.1
      svelte-preprocess: 6.0.3(postcss@8.4.49)(svelte@5.2.7)(typescript@5.6.3)
      tailwindcss: 4.0.0-beta.2
      vite: 5.4.11(lightningcss@1.28.1)
    transitivePeerDependencies:
      - '@babel/core'
      - coffeescript
      - less
      - postcss
      - postcss-load-config
      - pug
      - sass
      - stylus
      - sugarss
      - svelte
      - typescript

  '@types/estree@1.0.6': {}

  '@types/prop-types@15.7.13': {}

  '@types/react-dom@18.3.1':
    dependencies:
      '@types/react': 18.3.12

  '@types/react@18.3.12':
    dependencies:
      '@types/prop-types': 15.7.13
      csstype: 3.1.3

  '@vitejs/plugin-react-swc@3.7.1(vite@5.4.11(lightningcss@1.28.1))':
    dependencies:
      '@swc/core': 1.9.3
      vite: 5.4.11(lightningcss@1.28.1)
    transitivePeerDependencies:
      - '@swc/helpers'

  acorn-typescript@1.4.13(acorn@8.14.0):
    dependencies:
      acorn: 8.14.0

  acorn@8.14.0: {}

  aria-query@5.3.2: {}

  axobject-query@4.1.0: {}

  csstype@3.1.3: {}

  detect-libc@1.0.3: {}

  enhanced-resolve@5.17.1:
    dependencies:
      graceful-fs: 4.2.11
      tapable: 2.2.1

  esbuild@0.21.5:
    optionalDependencies:
      '@esbuild/aix-ppc64': 0.21.5
      '@esbuild/android-arm': 0.21.5
      '@esbuild/android-arm64': 0.21.5
      '@esbuild/android-x64': 0.21.5
      '@esbuild/darwin-arm64': 0.21.5
      '@esbuild/darwin-x64': 0.21.5
      '@esbuild/freebsd-arm64': 0.21.5
      '@esbuild/freebsd-x64': 0.21.5
      '@esbuild/linux-arm': 0.21.5
      '@esbuild/linux-arm64': 0.21.5
      '@esbuild/linux-ia32': 0.21.5
      '@esbuild/linux-loong64': 0.21.5
      '@esbuild/linux-mips64el': 0.21.5
      '@esbuild/linux-ppc64': 0.21.5
      '@esbuild/linux-riscv64': 0.21.5
      '@esbuild/linux-s390x': 0.21.5
      '@esbuild/linux-x64': 0.21.5
      '@esbuild/netbsd-x64': 0.21.5
      '@esbuild/openbsd-x64': 0.21.5
      '@esbuild/sunos-x64': 0.21.5
      '@esbuild/win32-arm64': 0.21.5
      '@esbuild/win32-ia32': 0.21.5
      '@esbuild/win32-x64': 0.21.5

  esm-env@1.1.4: {}

  esrap@1.2.2:
    dependencies:
      '@jridgewell/sourcemap-codec': 1.5.0
      '@types/estree': 1.0.6

  fsevents@2.3.3:
    optional: true

  globals@15.12.0: {}

  graceful-fs@4.2.11: {}

  is-reference@3.0.3:
    dependencies:
      '@types/estree': 1.0.6

  jiti@2.4.0: {}

  js-tokens@4.0.0: {}

  lefthook-darwin-arm64@1.8.4:
    optional: true

  lefthook-darwin-x64@1.8.4:
    optional: true

  lefthook-freebsd-arm64@1.8.4:
    optional: true

  lefthook-freebsd-x64@1.8.4:
    optional: true

  lefthook-linux-arm64@1.8.4:
    optional: true

  lefthook-linux-x64@1.8.4:
    optional: true

  lefthook-openbsd-arm64@1.8.4:
    optional: true

  lefthook-openbsd-x64@1.8.4:
    optional: true

  lefthook-windows-arm64@1.8.4:
    optional: true

  lefthook-windows-x64@1.8.4:
    optional: true

  lefthook@1.8.4:
    optionalDependencies:
      lefthook-darwin-arm64: 1.8.4
      lefthook-darwin-x64: 1.8.4
      lefthook-freebsd-arm64: 1.8.4
      lefthook-freebsd-x64: 1.8.4
      lefthook-linux-arm64: 1.8.4
      lefthook-linux-x64: 1.8.4
      lefthook-openbsd-arm64: 1.8.4
      lefthook-openbsd-x64: 1.8.4
      lefthook-windows-arm64: 1.8.4
      lefthook-windows-x64: 1.8.4

  lightningcss-darwin-arm64@1.28.1:
    optional: true

  lightningcss-darwin-x64@1.28.1:
    optional: true

  lightningcss-freebsd-x64@1.28.1:
    optional: true

  lightningcss-linux-arm-gnueabihf@1.28.1:
    optional: true

  lightningcss-linux-arm64-gnu@1.28.1:
    optional: true

  lightningcss-linux-arm64-musl@1.28.1:
    optional: true

  lightningcss-linux-x64-gnu@1.28.1:
    optional: true

  lightningcss-linux-x64-musl@1.28.1:
    optional: true

  lightningcss-win32-arm64-msvc@1.28.1:
    optional: true

  lightningcss-win32-x64-msvc@1.28.1:
    optional: true

  lightningcss@1.28.1:
    dependencies:
      detect-libc: 1.0.3
    optionalDependencies:
      lightningcss-darwin-arm64: 1.28.1
      lightningcss-darwin-x64: 1.28.1
      lightningcss-freebsd-x64: 1.28.1
      lightningcss-linux-arm-gnueabihf: 1.28.1
      lightningcss-linux-arm64-gnu: 1.28.1
      lightningcss-linux-arm64-musl: 1.28.1
      lightningcss-linux-x64-gnu: 1.28.1
      lightningcss-linux-x64-musl: 1.28.1
      lightningcss-win32-arm64-msvc: 1.28.1
      lightningcss-win32-x64-msvc: 1.28.1

  locate-character@3.0.0: {}

  loose-envify@1.4.0:
    dependencies:
      js-tokens: 4.0.0

  magic-string@0.30.13:
    dependencies:
      '@jridgewell/sourcemap-codec': 1.5.0

  nanoid@3.3.7: {}

  picocolors@1.1.1: {}

  postcss@8.4.49:
    dependencies:
      nanoid: 3.3.7
      picocolors: 1.1.1
      source-map-js: 1.2.1

  react-dom@18.3.1(react@18.3.1):
    dependencies:
      loose-envify: 1.4.0
      react: 18.3.1
      scheduler: 0.23.2

  react@18.3.1:
    dependencies:
      loose-envify: 1.4.0

  rollup@4.27.3:
    dependencies:
      '@types/estree': 1.0.6
    optionalDependencies:
      '@rollup/rollup-android-arm-eabi': 4.27.3
      '@rollup/rollup-android-arm64': 4.27.3
      '@rollup/rollup-darwin-arm64': 4.27.3
      '@rollup/rollup-darwin-x64': 4.27.3
      '@rollup/rollup-freebsd-arm64': 4.27.3
      '@rollup/rollup-freebsd-x64': 4.27.3
      '@rollup/rollup-linux-arm-gnueabihf': 4.27.3
      '@rollup/rollup-linux-arm-musleabihf': 4.27.3
      '@rollup/rollup-linux-arm64-gnu': 4.27.3
      '@rollup/rollup-linux-arm64-musl': 4.27.3
      '@rollup/rollup-linux-powerpc64le-gnu': 4.27.3
      '@rollup/rollup-linux-riscv64-gnu': 4.27.3
      '@rollup/rollup-linux-s390x-gnu': 4.27.3
      '@rollup/rollup-linux-x64-gnu': 4.27.3
      '@rollup/rollup-linux-x64-musl': 4.27.3
      '@rollup/rollup-win32-arm64-msvc': 4.27.3
      '@rollup/rollup-win32-ia32-msvc': 4.27.3
      '@rollup/rollup-win32-x64-msvc': 4.27.3
      fsevents: 2.3.3

  scheduler@0.23.2:
    dependencies:
      loose-envify: 1.4.0

  source-map-js@1.2.1: {}

  svelte-preprocess@6.0.3(postcss@8.4.49)(svelte@5.2.7)(typescript@5.6.3):
    dependencies:
      svelte: 5.2.7
    optionalDependencies:
      postcss: 8.4.49
      typescript: 5.6.3

  svelte@5.2.7:
    dependencies:
      '@ampproject/remapping': 2.3.0
      '@jridgewell/sourcemap-codec': 1.5.0
      '@types/estree': 1.0.6
      acorn: 8.14.0
      acorn-typescript: 1.4.13(acorn@8.14.0)
      aria-query: 5.3.2
      axobject-query: 4.1.0
      esm-env: 1.1.4
      esrap: 1.2.2
      is-reference: 3.0.3
      locate-character: 3.0.0
      magic-string: 0.30.13
      zimmerframe: 1.1.2

  tailwindcss@4.0.0-beta.2: {}

  tapable@2.2.1: {}

  typescript@5.6.3: {}

  vite@5.4.11(lightningcss@1.28.1):
    dependencies:
      esbuild: 0.21.5
      postcss: 8.4.49
      rollup: 4.27.3
    optionalDependencies:
      fsevents: 2.3.3
      lightningcss: 1.28.1

  zimmerframe@1.1.2: {}
